# THIS IS AN AUTOGENERATED FILE. DO NOT EDIT THIS FILE DIRECTLY.
# yarn lockfile v1


"@types/js-md5@^0.4.2":
  version "0.4.2"
  resolved "https://registry.yarnpkg.com/@types/js-md5/-/js-md5-0.4.2.tgz#95b39911e2081bf2915436e61cc345e12459e5bb"

hoist-non-react-statics@^3.3.0:
  version "3.3.0"
  resolved "https://registry.yarnpkg.com/hoist-non-react-statics/-/hoist-non-react-statics-3.3.0.tgz#b09178f0122184fb95acf525daaecb4d8f45958b"
  dependencies:
    react-is "^16.7.0"

js-md5@^0.7.3:
  version "0.7.3"
  resolved "https://registry.yarnpkg.com/js-md5/-/js-md5-0.7.3.tgz#b4f2fbb0b327455f598d6727e38ec272cd09c3f2"

react-is@^16.7.0:
  version "16.9.0"
  resolved "https://registry.yarnpkg.com/react-is/-/react-is-16.9.0.tgz#21ca9561399aad0ff1a7701c01683e8ca981edcb"

react-keep-alive@^2.4.1:
  version "2.4.1"
  resolved "https://registry.yarnpkg.com/react-keep-alive/-/react-keep-alive-2.4.1.tgz#145b226f0680e6518b585dccea733b8987ec465e"
  dependencies:
    "@types/js-md5" "^0.4.2"
    hoist-non-react-statics "^3.3.0"
    js-md5 "^0.7.3"

umi-plugin-keep-alive@^0.0.1-beta.2:
  version "0.0.1-beta.2"
  resolved "https://registry.yarnpkg.com/umi-plugin-keep-alive/-/umi-plugin-keep-alive-0.0.1-beta.2.tgz#c2cd47a80578f12e1fb42f5250474b2deeee11e4"
  dependencies:
    react-keep-alive "^2.4.1"
